
Microsoft Visual Studio Solution File, Format Version 12.00
# Visual Studio 15
VisualStudioVersion = 15.0.27428.1
MinimumVisualStudioVersion = 10.0.40219.1
Project("{FAE04EC0-301F-11D3-BF4B-00C04F79EFBC}") = "WindowsFormsApp1", "WindowsFormsApp1.csproj", "{AF512EFA-F8BE-4DC0-872E-2BC7BA7EDB54}"
EndProject
Project("{2150E333-8FDC-42A3-9474-1A3956D46DE8}") = "Solution Items", "Solution Items", "{17D56304-85C5-420D-8190-1C52E8E960F6}"
EndProject
Global
	GlobalSection(SolutionConfigurationPlatforms) = preSolution
		Debug|Any CPU = Debug|Any CPU
		Release|Any CPU = Release|Any CPU
	EndGlobalSection
	GlobalSection(ProjectConfigurationPlatforms) = postSolution
		{AF512EFA-F8BE-4DC0-872E-2BC7BA7EDB54}.Debug|Any CPU.ActiveCfg = Debug|Any CPU
		{AF512EFA-F8BE-4DC0-872E-2BC7BA7EDB54}.Debug|Any CPU.Build.0 = Debug|Any CPU
		{AF512EFA-F8BE-4DC0-872E-2BC7BA7EDB54}.Release|Any CPU.ActiveCfg = Release|Any CPU
		{AF512EFA-F8BE-4DC0-872E-2BC7BA7EDB54}.Release|Any CPU.Build.0 = Release|Any CPU
	EndGlobalSection
	GlobalSection(SolutionProperties) = preSolution
		HideSolutionNode = FALSE
	EndGlobalSection
	GlobalSection(ExtensibilityGlobals) = postSolution
		SolutionGuid = {A5197D61-F08B-4E69-AA05-8215BCA73D4C}
	EndGlobalSection
EndGlobal
